
Microsoft Visual Studio Solution File, Format Version 12.00
# Visual Studio 15
VisualStudioVersion = 15.0.27428.2005
MinimumVisualStudioVersion = 10.0.40219.1
Project("{FAE04EC0-301F-11D3-BF4B-00C04F79EFBC}") = "WebApplication2 FR 4.6", "WebApplication2 FR 4.6\WebApplication2 FR 4.6.csproj", "{D5C49941-F5FF-4B0D-A6AD-3E1A10D5E75C}"
EndProject
Project("{FAE04EC0-301F-11D3-BF4B-00C04F79EFBC}") = "WebApplication2 FR 4.6.Tests", "WebApplication2 FR 4.6.Tests\WebApplication2 FR 4.6.Tests.csproj", "{35F8CC69-9099-4A1A-AFCF-A719C861F353}"
EndProject
Global
	GlobalSection(SolutionConfigurationPlatforms) = preSolution
		Debug|Any CPU = Debug|Any CPU
		Release|Any CPU = Release|Any CPU
	EndGlobalSection
	GlobalSection(ProjectConfigurationPlatforms) = postSolution
		{D5C49941-F5FF-4B0D-A6AD-3E1A10D5E75C}.Debug|Any CPU.ActiveCfg = Debug|Any CPU
		{D5C49941-F5FF-4B0D-A6AD-3E1A10D5E75C}.Debug|Any CPU.Build.0 = Debug|Any CPU
		{D5C49941-F5FF-4B0D-A6AD-3E1A10D5E75C}.Release|Any CPU.ActiveCfg = Release|Any CPU
		{D5C49941-F5FF-4B0D-A6AD-3E1A10D5E75C}.Release|Any CPU.Build.0 = Release|Any CPU
		{35F8CC69-9099-4A1A-AFCF-A719C861F353}.Debug|Any CPU.ActiveCfg = Debug|Any CPU
		{35F8CC69-9099-4A1A-AFCF-A719C861F353}.Debug|Any CPU.Build.0 = Debug|Any CPU
		{35F8CC69-9099-4A1A-AFCF-A719C861F353}.Release|Any CPU.ActiveCfg = Release|Any CPU
		{35F8CC69-9099-4A1A-AFCF-A719C861F353}.Release|Any CPU.Build.0 = Release|Any CPU
	EndGlobalSection
	GlobalSection(SolutionProperties) = preSolution
		HideSolutionNode = FALSE
	EndGlobalSection
	GlobalSection(ExtensibilityGlobals) = postSolution
		SolutionGuid = {AB0CB959-B4C0-41A1-8F85-4F47D48A163B}
	EndGlobalSection
EndGlobal
